// !$*UTF8*$!
{
	archiveVersion = 1;
	classes = {
	};
	objectVersion = 56;
	objects = {

/* Begin PBXBuildFile section */
		EC4759272BED2B5D00BE61A4 /* NewsAPI_AppApp.swift in Sources */ = {isa = PBXBuildFile; fileRef = EC4759262BED2B5D00BE61A4 /* NewsAPI_AppApp.swift */; };
		EC4759292BED2B5D00BE61A4 /* RootView.swift in Sources */ = {isa = PBXBuildFile; fileRef = EC4759282BED2B5D00BE61A4 /* RootView.swift */; };
		EC47592B2BED2B5F00BE61A4 /* Assets.xcassets in Resources */ = {isa = PBXBuildFile; fileRef = EC47592A2BED2B5F00BE61A4 /* Assets.xcassets */; };
		EC47592E2BED2B5F00BE61A4 /* Preview Assets.xcassets in Resources */ = {isa = PBXBuildFile; fileRef = EC47592D2BED2B5F00BE61A4 /* Preview Assets.xcassets */; };
		EC5544182BF127A200BF290A /* SwiftyJSON in Frameworks */ = {isa = PBXBuildFile; productRef = EC5544172BF127A200BF290A /* SwiftyJSON */; };
		EC55441B2BF127F400BF290A /* SDWebImageSwiftUI in Frameworks */ = {isa = PBXBuildFile; productRef = EC55441A2BF127F400BF290A /* SDWebImageSwiftUI */; };
		EC5544222BF128EF00BF290A /* DataManager.swift in Sources */ = {isa = PBXBuildFile; fileRef = EC5544212BF128EF00BF290A /* DataManager.swift */; };
		EC5544242BF12DED00BF290A /* FeedView.swift in Sources */ = {isa = PBXBuildFile; fileRef = EC5544232BF12DED00BF290A /* FeedView.swift */; };
		EC5544262BF12FFA00BF290A /* SavedView.swift in Sources */ = {isa = PBXBuildFile; fileRef = EC5544252BF12FFA00BF290A /* SavedView.swift */; };
		EC5544282BF1865900BF290A /* NewView.swift in Sources */ = {isa = PBXBuildFile; fileRef = EC5544272BF1865900BF290A /* NewView.swift */; };
		ECA709AF2BF1F2C7003931DD /* SavedViewModel.swift in Sources */ = {isa = PBXBuildFile; fileRef = ECA709AE2BF1F2C7003931DD /* SavedViewModel.swift */; };
		ECA709B42BF20462003931DD /* FeedViewModel.swift in Sources */ = {isa = PBXBuildFile; fileRef = ECA709B32BF20462003931DD /* FeedViewModel.swift */; };
/* End PBXBuildFile section */

/* Begin PBXFileReference section */
		EC4759232BED2B5D00BE61A4 /* NewsAPI App.app */ = {isa = PBXFileReference; explicitFileType = wrapper.application; includeInIndex = 0; path = "NewsAPI App.app"; sourceTree = BUILT_PRODUCTS_DIR; };
		EC4759262BED2B5D00BE61A4 /* NewsAPI_AppApp.swift */ = {isa = PBXFileReference; lastKnownFileType = sourcecode.swift; path = NewsAPI_AppApp.swift; sourceTree = "<group>"; };
		EC4759282BED2B5D00BE61A4 /* RootView.swift */ = {isa = PBXFileReference; lastKnownFileType = sourcecode.swift; path = RootView.swift; sourceTree = "<group>"; };
		EC47592A2BED2B5F00BE61A4 /* Assets.xcassets */ = {isa = PBXFileReference; lastKnownFileType = folder.assetcatalog; path = Assets.xcassets; sourceTree = "<group>"; };
		EC47592D2BED2B5F00BE61A4 /* Preview Assets.xcassets */ = {isa = PBXFileReference; lastKnownFileType = folder.assetcatalog; path = "Preview Assets.xcassets"; sourceTree = "<group>"; };
		EC5544212BF128EF00BF290A /* DataManager.swift */ = {isa = PBXFileReference; lastKnownFileType = sourcecode.swift; path = DataManager.swift; sourceTree = "<group>"; };
		EC5544232BF12DED00BF290A /* FeedView.swift */ = {isa = PBXFileReference; lastKnownFileType = sourcecode.swift; path = FeedView.swift; sourceTree = "<group>"; };
		EC5544252BF12FFA00BF290A /* SavedView.swift */ = {isa = PBXFileReference; lastKnownFileType = sourcecode.swift; path = SavedView.swift; sourceTree = "<group>"; };
		EC5544272BF1865900BF290A /* NewView.swift */ = {isa = PBXFileReference; lastKnownFileType = sourcecode.swift; path = NewView.swift; sourceTree = "<group>"; };
		ECA709AE2BF1F2C7003931DD /* SavedViewModel.swift */ = {isa = PBXFileReference; lastKnownFileType = sourcecode.swift; path = SavedViewModel.swift; sourceTree = "<group>"; };
		ECA709B32BF20462003931DD /* FeedViewModel.swift */ = {isa = PBXFileReference; lastKnownFileType = sourcecode.swift; path = FeedViewModel.swift; sourceTree = "<group>"; };
/* End PBXFileReference section */

/* Begin PBXFrameworksBuildPhase section */
		EC4759202BED2B5D00BE61A4 /* Frameworks */ = {
			isa = PBXFrameworksBuildPhase;
			buildActionMask = 2147483647;
			files = (
				EC55441B2BF127F400BF290A /* SDWebImageSwiftUI in Frameworks */,
				EC5544182BF127A200BF290A /* SwiftyJSON in Frameworks */,
			);
			runOnlyForDeploymentPostprocessing = 0;
		};
/* End PBXFrameworksBuildPhase section */

/* Begin PBXGroup section */
		EC47591A2BED2B5D00BE61A4 = {
			isa = PBXGroup;
			children = (
				EC4759252BED2B5D00BE61A4 /* NewsAPI App */,
				EC4759242BED2B5D00BE61A4 /* Products */,
			);
			sourceTree = "<group>";
		};
		EC4759242BED2B5D00BE61A4 /* Products */ = {
			isa = PBXGroup;
			children = (
				EC4759232BED2B5D00BE61A4 /* NewsAPI App.app */,
			);
			name = Products;
			sourceTree = "<group>";
		};
		EC4759252BED2B5D00BE61A4 /* NewsAPI App */ = {
			isa = PBXGroup;
			children = (
				EC4759262BED2B5D00BE61A4 /* NewsAPI_AppApp.swift */,
				EC4759282BED2B5D00BE61A4 /* RootView.swift */,
				EC5544212BF128EF00BF290A /* DataManager.swift */,
				EC55441F2BF128CD00BF290A /* Model */,
				EC55441E2BF128C100BF290A /* ViewModel */,
				EC55441C2BF1289D00BF290A /* View */,
				EC47592A2BED2B5F00BE61A4 /* Assets.xcassets */,
				EC47592C2BED2B5F00BE61A4 /* Preview Content */,
			);
			path = "NewsAPI App";
			sourceTree = "<group>";
		};
		EC47592C2BED2B5F00BE61A4 /* Preview Content */ = {
			isa = PBXGroup;
			children = (
				EC47592D2BED2B5F00BE61A4 /* Preview Assets.xcassets */,
			);
			path = "Preview Content";
			sourceTree = "<group>";
		};
		EC55441C2BF1289D00BF290A /* View */ = {
			isa = PBXGroup;
			children = (
				EC5544232BF12DED00BF290A /* FeedView.swift */,
				EC5544272BF1865900BF290A /* NewView.swift */,
				EC5544252BF12FFA00BF290A /* SavedView.swift */,
			);
			path = View;
			sourceTree = "<group>";
		};
		EC55441E2BF128C100BF290A /* ViewModel */ = {
			isa = PBXGroup;
			children = (
				ECA709AE2BF1F2C7003931DD /* SavedViewModel.swift */,
				ECA709B32BF20462003931DD /* FeedViewModel.swift */,
			);
			path = ViewModel;
			sourceTree = "<group>";
		};
		EC55441F2BF128CD00BF290A /* Model */ = {
			isa = PBXGroup;
			children = (
			);
			path = Model;
			sourceTree = "<group>";
		};
/* End PBXGroup section */

/* Begin PBXNativeTarget section */
		EC4759222BED2B5D00BE61A4 /* NewsAPI App */ = {
			isa = PBXNativeTarget;
			buildConfigurationList = EC4759312BED2B5F00BE61A4 /* Build configuration list for PBXNativeTarget "NewsAPI App" */;
			buildPhases = (
				EC47591F2BED2B5D00BE61A4 /* Sources */,
				EC4759202BED2B5D00BE61A4 /* Frameworks */,
				EC4759212BED2B5D00BE61A4 /* Resources */,
			);
			buildRules = (
			);
			dependencies = (
			);
			name = "NewsAPI App";
			packageProductDependencies = (
				EC5544172BF127A200BF290A /* SwiftyJSON */,
				EC55441A2BF127F400BF290A /* SDWebImageSwiftUI */,
			);
			productName = "NewsAPI App";
			productReference = EC4759232BED2B5D00BE61A4 /* NewsAPI App.app */;
			productType = "com.apple.product-type.application";
		};
/* End PBXNativeTarget section */

/* Begin PBXProject section */
		EC47591B2BED2B5D00BE61A4 /* Project object */ = {
			isa = PBXProject;
			attributes = {
				BuildIndependentTargetsInParallel = 1;
				LastSwiftUpdateCheck = 1530;
				LastUpgradeCheck = 1530;
				TargetAttributes = {
					EC4759222BED2B5D00BE61A4 = {
						CreatedOnToolsVersion = 15.3;
					};
				};
			};
			buildConfigurationList = EC47591E2BED2B5D00BE61A4 /* Build configuration list for PBXProject "NewsAPI App" */;
			compatibilityVersion = "Xcode 14.0";
			developmentRegion = en;
			hasScannedForEncodings = 0;
			knownRegions = (
				en,
				Base,
			);
			mainGroup = EC47591A2BED2B5D00BE61A4;
			packageReferences = (
				EC5544162BF127A200BF290A /* XCRemoteSwiftPackageReference "SwiftyJSON" */,
				EC5544192BF127F400BF290A /* XCRemoteSwiftPackageReference "SDWebImageSwiftUI" */,
			);
			productRefGroup = EC4759242BED2B5D00BE61A4 /* Products */;
			projectDirPath = "";
			projectRoot = "";
			targets = (
				EC4759222BED2B5D00BE61A4 /* NewsAPI App */,
			);
		};
/* End PBXProject section */

/* Begin PBXResourcesBuildPhase section */
		EC4759212BED2B5D00BE61A4 /* Resources */ = {
			isa = PBXResourcesBuildPhase;
			buildActionMask = 2147483647;
			files = (
				EC47592E2BED2B5F00BE61A4 /* Preview Assets.xcassets in Resources */,
				EC47592B2BED2B5F00BE61A4 /* Assets.xcassets in Resources */,
			);
			runOnlyForDeploymentPostprocessing = 0;
		};
/* End PBXResourcesBuildPhase section */

/* Begin PBXSourcesBuildPhase section */
		EC47591F2BED2B5D00BE61A4 /* Sources */ = {
			isa = PBXSourcesBuildPhase;
			buildActionMask = 2147483647;
			files = (
				EC5544242BF12DED00BF290A /* FeedView.swift in Sources */,
				EC5544262BF12FFA00BF290A /* SavedView.swift in Sources */,
				ECA709AF2BF1F2C7003931DD /* SavedViewModel.swift in Sources */,
				EC4759292BED2B5D00BE61A4 /* RootView.swift in Sources */,
				EC5544282BF1865900BF290A /* NewView.swift in Sources */,
				EC5544222BF128EF00BF290A /* DataManager.swift in Sources */,
				ECA709B42BF20462003931DD /* FeedViewModel.swift in Sources */,
				EC4759272BED2B5D00BE61A4 /* NewsAPI_AppApp.swift in Sources */,
			);
			runOnlyForDeploymentPostprocessing = 0;
		};
/* End PBXSourcesBuildPhase section */

/* Begin XCBuildConfiguration section */
		EC47592F2BED2B5F00BE61A4 /* Debug */ = {
			isa = XCBuildConfiguration;
			buildSettings = {
				ALWAYS_SEARCH_USER_PATHS = NO;
				ASSETCATALOG_COMPILER_GENERATE_SWIFT_ASSET_SYMBOL_EXTENSIONS = YES;
				CLANG_ANALYZER_NONNULL = YES;
				CLANG_ANALYZER_NUMBER_OBJECT_CONVERSION = YES_AGGRESSIVE;
				CLANG_CXX_LANGUAGE_STANDARD = "gnu++20";
				CLANG_ENABLE_MODULES = YES;
				CLANG_ENABLE_OBJC_ARC = YES;
				CLANG_ENABLE_OBJC_WEAK = YES;
				CLANG_WARN_BLOCK_CAPTURE_AUTORELEASING = YES;
				CLANG_WARN_BOOL_CONVERSION = YES;
				CLANG_WARN_COMMA = YES;
				CLANG_WARN_CONSTANT_CONVERSION = YES;
				CLANG_WARN_DEPRECATED_OBJC_IMPLEMENTATIONS = YES;
				CLANG_WARN_DIRECT_OBJC_ISA_USAGE = YES_ERROR;
				CLANG_WARN_DOCUMENTATION_COMMENTS = YES;
				CLANG_WARN_EMPTY_BODY = YES;
				CLANG_WARN_ENUM_CONVERSION = YES;
				CLANG_WARN_INFINITE_RECURSION = YES;
				CLANG_WARN_INT_CONVERSION = YES;
				CLANG_WARN_NON_LITERAL_NULL_CONVERSION = YES;
				CLANG_WARN_OBJC_IMPLICIT_RETAIN_SELF = YES;
				CLANG_WARN_OBJC_LITERAL_CONVERSION = YES;
				CLANG_WARN_OBJC_ROOT_CLASS = YES_ERROR;
				CLANG_WARN_QUOTED_INCLUDE_IN_FRAMEWORK_HEADER = YES;
				CLANG_WARN_RANGE_LOOP_ANALYSIS = YES;
				CLANG_WARN_STRICT_PROTOTYPES = YES;
				CLANG_WARN_SUSPICIOUS_MOVE = YES;
				CLANG_WARN_UNGUARDED_AVAILABILITY = YES_AGGRESSIVE;
				CLANG_WARN_UNREACHABLE_CODE = YES;
				CLANG_WARN__DUPLICATE_METHOD_MATCH = YES;
				COPY_PHASE_STRIP = NO;
				DEBUG_INFORMATION_FORMAT = dwarf;
				ENABLE_STRICT_OBJC_MSGSEND = YES;
				ENABLE_TESTABILITY = YES;
				ENABLE_USER_SCRIPT_SANDBOXING = YES;
				GCC_C_LANGUAGE_STANDARD = gnu17;
				GCC_DYNAMIC_NO_PIC = NO;
				GCC_NO_COMMON_BLOCKS = YES;
				GCC_OPTIMIZATION_LEVEL = 0;
				GCC_PREPROCESSOR_DEFINITIONS = (
					"DEBUG=1",
					"$(inherited)",
				);
				GCC_WARN_64_TO_32_BIT_CONVERSION = YES;
				GCC_WARN_ABOUT_RETURN_TYPE = YES_ERROR;
				GCC_WARN_UNDECLARED_SELECTOR = YES;
				GCC_WARN_UNINITIALIZED_AUTOS = YES_AGGRESSIVE;
				GCC_WARN_UNUSED_FUNCTION = YES;
				GCC_WARN_UNUSED_VARIABLE = YES;
				IPHONEOS_DEPLOYMENT_TARGET = 17.4;
				LOCALIZATION_PREFERS_STRING_CATALOGS = YES;
				MTL_ENABLE_DEBUG_INFO = INCLUDE_SOURCE;
				MTL_FAST_MATH = YES;
				ONLY_ACTIVE_ARCH = YES;
				SDKROOT = iphoneos;
				SWIFT_ACTIVE_COMPILATION_CONDITIONS = "DEBUG $(inherited)";
				SWIFT_OPTIMIZATION_LEVEL = "-Onone";
			};
			name = Debug;
		};
		EC4759302BED2B5F00BE61A4 /* Release */ = {
			isa = XCBuildConfiguration;
			buildSettings = {
				ALWAYS_SEARCH_USER_PATHS = NO;
				ASSETCATALOG_COMPILER_GENERATE_SWIFT_ASSET_SYMBOL_EXTENSIONS = YES;
				CLANG_ANALYZER_NONNULL = YES;
				CLANG_ANALYZER_NUMBER_OBJECT_CONVERSION = YES_AGGRESSIVE;
				CLANG_CXX_LANGUAGE_STANDARD = "gnu++20";
				CLANG_ENABLE_MODULES = YES;
				CLANG_ENABLE_OBJC_ARC = YES;
				CLANG_ENABLE_OBJC_WEAK = YES;
				CLANG_WARN_BLOCK_CAPTURE_AUTORELEASING = YES;
				CLANG_WARN_BOOL_CONVERSION = YES;
				CLANG_WARN_COMMA = YES;
				CLANG_WARN_CONSTANT_CONVERSION = YES;
				CLANG_WARN_DEPRECATED_OBJC_IMPLEMENTATIONS = YES;
				CLANG_WARN_DIRECT_OBJC_ISA_USAGE = YES_ERROR;
				CLANG_WARN_DOCUMENTATION_COMMENTS = YES;
				CLANG_WARN_EMPTY_BODY = YES;
				CLANG_WARN_ENUM_CONVERSION = YES;
				CLANG_WARN_INFINITE_RECURSION = YES;
				CLANG_WARN_INT_CONVERSION = YES;
				CLANG_WARN_NON_LITERAL_NULL_CONVERSION = YES;
				CLANG_WARN_OBJC_IMPLICIT_RETAIN_SELF = YES;
				CLANG_WARN_OBJC_LITERAL_CONVERSION = YES;
				CLANG_WARN_OBJC_ROOT_CLASS = YES_ERROR;
				CLANG_WARN_QUOTED_INCLUDE_IN_FRAMEWORK_HEADER = YES;
				CLANG_WARN_RANGE_LOOP_ANALYSIS = YES;
				CLANG_WARN_STRICT_PROTOTYPES = YES;
				CLANG_WARN_SUSPICIOUS_MOVE = YES;
				CLANG_WARN_UNGUARDED_AVAILABILITY = YES_AGGRESSIVE;
				CLANG_WARN_UNREACHABLE_CODE = YES;
				CLANG_WARN__DUPLICATE_METHOD_MATCH = YES;
				COPY_PHASE_STRIP = NO;
				DEBUG_INFORMATION_FORMAT = "dwarf-with-dsym";
				ENABLE_NS_ASSERTIONS = NO;
				ENABLE_STRICT_OBJC_MSGSEND = YES;
				ENABLE_USER_SCRIPT_SANDBOXING = YES;
				GCC_C_LANGUAGE_STANDARD = gnu17;
				GCC_NO_COMMON_BLOCKS = YES;
				GCC_WARN_64_TO_32_BIT_CONVERSION = YES;
				GCC_WARN_ABOUT_RETURN_TYPE = YES_ERROR;
				GCC_WARN_UNDECLARED_SELECTOR = YES;
				GCC_WARN_UNINITIALIZED_AUTOS = YES_AGGRESSIVE;
				GCC_WARN_UNUSED_FUNCTION = YES;
				GCC_WARN_UNUSED_VARIABLE = YES;
				IPHONEOS_DEPLOYMENT_TARGET = 17.4;
				LOCALIZATION_PREFERS_STRING_CATALOGS = YES;
				MTL_ENABLE_DEBUG_INFO = NO;
				MTL_FAST_MATH = YES;
				SDKROOT = iphoneos;
				SWIFT_COMPILATION_MODE = wholemodule;
				VALIDATE_PRODUCT = YES;
			};
			name = Release;
		};
		EC4759322BED2B5F00BE61A4 /* Debug */ = {
			isa = XCBuildConfiguration;
			buildSettings = {
				ASSETCATALOG_COMPILER_APPICON_NAME = AppIcon;
				ASSETCATALOG_COMPILER_GLOBAL_ACCENT_COLOR_NAME = AccentColor;
				CODE_SIGN_STYLE = Automatic;
				CURRENT_PROJECT_VERSION = 1;
				DEVELOPMENT_ASSET_PATHS = "\"NewsAPI App/Preview Content\"";
				DEVELOPMENT_TEAM = S7VDAK3AXN;
				ENABLE_PREVIEWS = YES;
				GENERATE_INFOPLIST_FILE = YES;
				INFOPLIST_KEY_UIApplicationSceneManifest_Generation = YES;
				INFOPLIST_KEY_UIApplicationSupportsIndirectInputEvents = YES;
				INFOPLIST_KEY_UILaunchScreen_Generation = YES;
				INFOPLIST_KEY_UISupportedInterfaceOrientations_iPad = "UIInterfaceOrientationPortrait UIInterfaceOrientationPortraitUpsideDown UIInterfaceOrientationLandscapeLeft UIInterfaceOrientationLandscapeRight";
				INFOPLIST_KEY_UISupportedInterfaceOrientations_iPhone = "UIInterfaceOrientationPortrait UIInterfaceOrientationLandscapeLeft UIInterfaceOrientationLandscapeRight";
				LD_RUNPATH_SEARCH_PATHS = (
					"$(inherited)",
					"@executable_path/Frameworks",
				);
				MARKETING_VERSION = 1.0;
				PRODUCT_BUNDLE_IDENTIFIER = "com.enestalhaucar.NewsAPI-App";
				PRODUCT_NAME = "$(TARGET_NAME)";
				SWIFT_EMIT_LOC_STRINGS = YES;
				SWIFT_VERSION = 5.0;
				TARGETED_DEVICE_FAMILY = "1,2";
			};
			name = Debug;
		};
		EC4759332BED2B5F00BE61A4 /* Release */ = {
			isa = XCBuildConfiguration;
			buildSettings = {
				ASSETCATALOG_COMPILER_APPICON_NAME = AppIcon;
				ASSETCATALOG_COMPILER_GLOBAL_ACCENT_COLOR_NAME = AccentColor;
				CODE_SIGN_STYLE = Automatic;
				CURRENT_PROJECT_VERSION = 1;
				DEVELOPMENT_ASSET_PATHS = "\"NewsAPI App/Preview Content\"";
				DEVELOPMENT_TEAM = S7VDAK3AXN;
				ENABLE_PREVIEWS = YES;
				GENERATE_INFOPLIST_FILE = YES;
				INFOPLIST_KEY_UIApplicationSceneManifest_Generation = YES;
				INFOPLIST_KEY_UIApplicationSupportsIndirectInputEvents = YES;
				INFOPLIST_KEY_UILaunchScreen_Generation = YES;
				INFOPLIST_KEY_UISupportedInterfaceOrientations_iPad = "UIInterfaceOrientationPortrait UIInterfaceOrientationPortraitUpsideDown UIInterfaceOrientationLandscapeLeft UIInterfaceOrientationLandscapeRight";
				INFOPLIST_KEY_UISupportedInterfaceOrientations_iPhone = "UIInterfaceOrientationPortrait UIInterfaceOrientationLandscapeLeft UIInterfaceOrientationLandscapeRight";
				LD_RUNPATH_SEARCH_PATHS = (
					"$(inherited)",
					"@executable_path/Frameworks",
				);
				MARKETING_VERSION = 1.0;
				PRODUCT_BUNDLE_IDENTIFIER = "com.enestalhaucar.NewsAPI-App";
				PRODUCT_NAME = "$(TARGET_NAME)";
				SWIFT_EMIT_LOC_STRINGS = YES;
				SWIFT_VERSION = 5.0;
				TARGETED_DEVICE_FAMILY = "1,2";
			};
			name = Release;
		};
/* End XCBuildConfiguration section */

/* Begin XCConfigurationList section */
		EC47591E2BED2B5D00BE61A4 /* Build configuration list for PBXProject "NewsAPI App" */ = {
			isa = XCConfigurationList;
			buildConfigurations = (
				EC47592F2BED2B5F00BE61A4 /* Debug */,
				EC4759302BED2B5F00BE61A4 /* Release */,
			);
			defaultConfigurationIsVisible = 0;
			defaultConfigurationName = Release;
		};
		EC4759312BED2B5F00BE61A4 /* Build configuration list for PBXNativeTarget "NewsAPI App" */ = {
			isa = XCConfigurationList;
			buildConfigurations = (
				EC4759322BED2B5F00BE61A4 /* Debug */,
				EC4759332BED2B5F00BE61A4 /* Release */,
			);
			defaultConfigurationIsVisible = 0;
			defaultConfigurationName = Release;
		};
/* End XCConfigurationList section */

/* Begin XCRemoteSwiftPackageReference section */
		EC5544162BF127A200BF290A /* XCRemoteSwiftPackageReference "SwiftyJSON" */ = {
			isa = XCRemoteSwiftPackageReference;
			repositoryURL = "https://github.com/SwiftyJSON/SwiftyJSON.git";
			requirement = {
				kind = upToNextMajorVersion;
				minimumVersion = 5.0.2;
			};
		};
		EC5544192BF127F400BF290A /* XCRemoteSwiftPackageReference "SDWebImageSwiftUI" */ = {
			isa = XCRemoteSwiftPackageReference;
			repositoryURL = "https://github.com/SDWebImage/SDWebImageSwiftUI.git";
			requirement = {
				kind = upToNextMajorVersion;
				minimumVersion = 3.0.4;
			};
		};
/* End XCRemoteSwiftPackageReference section */

/* Begin XCSwiftPackageProductDependency section */
		EC5544172BF127A200BF290A /* SwiftyJSON */ = {
			isa = XCSwiftPackageProductDependency;
			package = EC5544162BF127A200BF290A /* XCRemoteSwiftPackageReference "SwiftyJSON" */;
			productName = SwiftyJSON;
		};
		EC55441A2BF127F400BF290A /* SDWebImageSwiftUI */ = {
			isa = XCSwiftPackageProductDependency;
			package = EC5544192BF127F400BF290A /* XCRemoteSwiftPackageReference "SDWebImageSwiftUI" */;
			productName = SDWebImageSwiftUI;
		};
/* End XCSwiftPackageProductDependency section */
	};
	rootObject = EC47591B2BED2B5D00BE61A4 /* Project object */;
}
